
Microsoft Visual Studio Solution File, Format Version 12.00
# Visual Studio Version 17
VisualStudioVersion = 17.5.33627.172
MinimumVisualStudioVersion = 10.0.40219.1
Project("{FAE04EC0-301F-11D3-BF4B-00C04F79EFBC}") = "ConsoleApp1", "ConsoleApp1.csproj", "{3195A034-B16D-4C8B-B5DC-50C2287D3250}"
EndProject
Project("{FAE04EC0-301F-11D3-BF4B-00C04F79EFBC}") = "CodeFirstFromDb", "..\CodeFirstFromDb\CodeFirstFromDb.csproj", "{55E21702-A8D8-4073-93F9-9B781F16770F}"
EndProject
Global
	GlobalSection(SolutionConfigurationPlatforms) = preSolution
		Debug|Any CPU = Debug|Any CPU
		Release|Any CPU = Release|Any CPU
	EndGlobalSection
	GlobalSection(ProjectConfigurationPlatforms) = postSolution
		{3195A034-B16D-4C8B-B5DC-50C2287D3250}.Debug|Any CPU.ActiveCfg = Debug|Any CPU
		{3195A034-B16D-4C8B-B5DC-50C2287D3250}.Debug|Any CPU.Build.0 = Debug|Any CPU
		{3195A034-B16D-4C8B-B5DC-50C2287D3250}.Release|Any CPU.ActiveCfg = Release|Any CPU
		{3195A034-B16D-4C8B-B5DC-50C2287D3250}.Release|Any CPU.Build.0 = Release|Any CPU
		{55E21702-A8D8-4073-93F9-9B781F16770F}.Debug|Any CPU.ActiveCfg = Debug|Any CPU
		{55E21702-A8D8-4073-93F9-9B781F16770F}.Debug|Any CPU.Build.0 = Debug|Any CPU
		{55E21702-A8D8-4073-93F9-9B781F16770F}.Release|Any CPU.ActiveCfg = Release|Any CPU
		{55E21702-A8D8-4073-93F9-9B781F16770F}.Release|Any CPU.Build.0 = Release|Any CPU
	EndGlobalSection
	GlobalSection(SolutionProperties) = preSolution
		HideSolutionNode = FALSE
	EndGlobalSection
	GlobalSection(ExtensibilityGlobals) = postSolution
		SolutionGuid = {44B9DFFA-11B7-41A8-BE18-1078787DA0CE}
	EndGlobalSection
EndGlobal
